
Microsoft Visual Studio Solution File, Format Version 12.00
# Visual Studio Version 17
VisualStudioVersion = 17.13.35919.96 d17.13
MinimumVisualStudioVersion = 10.0.40219.1
Project("{FAE04EC0-301F-11D3-BF4B-00C04F79EFBC}") = "Calificaciones-prog1", "Calificaciones-prog1\Calificaciones-prog1.csproj", "{D710F3F9-F171-4950-B20D-5FDEE06AD8A1}"
EndProject
Global
	GlobalSection(SolutionConfigurationPlatforms) = preSolution
		Debug|Any CPU = Debug|Any CPU
		Release|Any CPU = Release|Any CPU
	EndGlobalSection
	GlobalSection(ProjectConfigurationPlatforms) = postSolution
		{D710F3F9-F171-4950-B20D-5FDEE06AD8A1}.Debug|Any CPU.ActiveCfg = Debug|Any CPU
		{D710F3F9-F171-4950-B20D-5FDEE06AD8A1}.Debug|Any CPU.Build.0 = Debug|Any CPU
		{D710F3F9-F171-4950-B20D-5FDEE06AD8A1}.Release|Any CPU.ActiveCfg = Release|Any CPU
		{D710F3F9-F171-4950-B20D-5FDEE06AD8A1}.Release|Any CPU.Build.0 = Release|Any CPU
	EndGlobalSection
	GlobalSection(SolutionProperties) = preSolution
		HideSolutionNode = FALSE
	EndGlobalSection
	GlobalSection(ExtensibilityGlobals) = postSolution
		SolutionGuid = {5201327A-D443-4299-B284-2A619C885F4B}
	EndGlobalSection
EndGlobal
